
Microsoft Visual Studio Solution File, Format Version 12.00
# Visual Studio Version 16
VisualStudioVersion = 16.0.33130.400
MinimumVisualStudioVersion = 10.0.40219.1
Project("{FAE04EC0-301F-11D3-BF4B-00C04F79EFBC}") = "KiemThuPhanMemTest", "KiemThuPhanMemTest\KiemThuPhanMemTest.csproj", "{E77DBB48-044D-4C15-B8F7-DA134931602D}"
EndProject
Global
	GlobalSection(SolutionConfigurationPlatforms) = preSolution
		Debug|Any CPU = Debug|Any CPU
		Release|Any CPU = Release|Any CPU
	EndGlobalSection
	GlobalSection(ProjectConfigurationPlatforms) = postSolution
		{E77DBB48-044D-4C15-B8F7-DA134931602D}.Debug|Any CPU.ActiveCfg = Debug|Any CPU
		{E77DBB48-044D-4C15-B8F7-DA134931602D}.Debug|Any CPU.Build.0 = Debug|Any CPU
		{E77DBB48-044D-4C15-B8F7-DA134931602D}.Release|Any CPU.ActiveCfg = Release|Any CPU
		{E77DBB48-044D-4C15-B8F7-DA134931602D}.Release|Any CPU.Build.0 = Release|Any CPU
	EndGlobalSection
	GlobalSection(SolutionProperties) = preSolution
		HideSolutionNode = FALSE
	EndGlobalSection
	GlobalSection(ExtensibilityGlobals) = postSolution
		SolutionGuid = {A75C8816-E217-424F-8E40-5DA3CF86B556}
	EndGlobalSection
EndGlobal
